
Microsoft Visual Studio Solution File, Format Version 12.00
# Visual Studio Version 17
VisualStudioVersion = 17.8.34004.107
MinimumVisualStudioVersion = 10.0.40219.1
Project("{FAE04EC0-301F-11D3-BF4B-00C04F79EFBC}") = "Example4", "Example4\Example4.csproj", "{4CA3E64E-B1CE-4510-81B0-19F12B6C528C}"
EndProject
Global
	GlobalSection(SolutionConfigurationPlatforms) = preSolution
		Debug|Any CPU = Debug|Any CPU
		Release|Any CPU = Release|Any CPU
	EndGlobalSection
	GlobalSection(ProjectConfigurationPlatforms) = postSolution
		{4CA3E64E-B1CE-4510-81B0-19F12B6C528C}.Debug|Any CPU.ActiveCfg = Debug|Any CPU
		{4CA3E64E-B1CE-4510-81B0-19F12B6C528C}.Debug|Any CPU.Build.0 = Debug|Any CPU
		{4CA3E64E-B1CE-4510-81B0-19F12B6C528C}.Release|Any CPU.ActiveCfg = Release|Any CPU
		{4CA3E64E-B1CE-4510-81B0-19F12B6C528C}.Release|Any CPU.Build.0 = Release|Any CPU
	EndGlobalSection
	GlobalSection(SolutionProperties) = preSolution
		HideSolutionNode = FALSE
	EndGlobalSection
	GlobalSection(ExtensibilityGlobals) = postSolution
		SolutionGuid = {AF2550C0-6262-41B1-B3D9-9E65550B9354}
	EndGlobalSection
EndGlobal
